
Microsoft Visual Studio Solution File, Format Version 12.00
# Visual Studio Version 16
VisualStudioVersion = 16.0.28803.352
MinimumVisualStudioVersion = 10.0.40219.1
Project("{930C7802-8A8C-48F9-8165-68863BCCD9DD}") = "YarnSetup", "YarnSetup.wixproj", "{83D75A77-7E90-4105-B0C0-5098F9C1D30B}"
EndProject
Global
	GlobalSection(SolutionConfigurationPlatforms) = preSolution
		Debug|x64 = Debug|x64
		Debug|x86 = Debug|x86
		Release|x64 = Release|x64
		Release|x86 = Release|x86
	EndGlobalSection
	GlobalSection(ProjectConfigurationPlatforms) = postSolution
		{83D75A77-7E90-4105-B0C0-5098F9C1D30B}.Debug|x64.ActiveCfg = Debug|x86
		{83D75A77-7E90-4105-B0C0-5098F9C1D30B}.Debug|x86.ActiveCfg = Debug|x86
		{83D75A77-7E90-4105-B0C0-5098F9C1D30B}.Debug|x86.Build.0 = Debug|x86
		{83D75A77-7E90-4105-B0C0-5098F9C1D30B}.Release|x64.ActiveCfg = Release|x86
		{83D75A77-7E90-4105-B0C0-5098F9C1D30B}.Release|x86.ActiveCfg = Release|x86
		{83D75A77-7E90-4105-B0C0-5098F9C1D30B}.Release|x86.Build.0 = Release|x86
	EndGlobalSection
	GlobalSection(SolutionProperties) = preSolution
		HideSolutionNode = FALSE
	EndGlobalSection
	GlobalSection(ExtensibilityGlobals) = postSolution
		SolutionGuid = {924D60F0-64C6-4402-93F7-9810BCCF117F}
	EndGlobalSection
EndGlobal
